
Microsoft Visual Studio Solution File, Format Version 12.00
# Visual Studio Version 16
VisualStudioVersion = 16.0.33529.622
MinimumVisualStudioVersion = 10.0.40219.1
Project("{FAE04EC0-301F-11D3-BF4B-00C04F79EFBC}") = "DoWhileEstudo", "DoWhileEstudo\DoWhileEstudo.csproj", "{776B44FB-720F-447C-9B52-1A343AE89705}"
EndProject
Global
	GlobalSection(SolutionConfigurationPlatforms) = preSolution
		Debug|Any CPU = Debug|Any CPU
		Release|Any CPU = Release|Any CPU
	EndGlobalSection
	GlobalSection(ProjectConfigurationPlatforms) = postSolution
		{776B44FB-720F-447C-9B52-1A343AE89705}.Debug|Any CPU.ActiveCfg = Debug|Any CPU
		{776B44FB-720F-447C-9B52-1A343AE89705}.Debug|Any CPU.Build.0 = Debug|Any CPU
		{776B44FB-720F-447C-9B52-1A343AE89705}.Release|Any CPU.ActiveCfg = Release|Any CPU
		{776B44FB-720F-447C-9B52-1A343AE89705}.Release|Any CPU.Build.0 = Release|Any CPU
	EndGlobalSection
	GlobalSection(SolutionProperties) = preSolution
		HideSolutionNode = FALSE
	EndGlobalSection
	GlobalSection(ExtensibilityGlobals) = postSolution
		SolutionGuid = {9DBEAA68-7463-4E06-8289-57AC7B84C1AA}
	EndGlobalSection
EndGlobal
