
Microsoft Visual Studio Solution File, Format Version 12.00
# Visual Studio Version 16
VisualStudioVersion = 16.0.33529.622
MinimumVisualStudioVersion = 10.0.40219.1
Project("{FAE04EC0-301F-11D3-BF4B-00C04F79EFBC}") = "foreachEstudo", "foreachEstudo\foreachEstudo.csproj", "{60D6B5D1-D0F2-47AF-A7A5-4E610E1EF198}"
EndProject
Global
	GlobalSection(SolutionConfigurationPlatforms) = preSolution
		Debug|Any CPU = Debug|Any CPU
		Release|Any CPU = Release|Any CPU
	EndGlobalSection
	GlobalSection(ProjectConfigurationPlatforms) = postSolution
		{60D6B5D1-D0F2-47AF-A7A5-4E610E1EF198}.Debug|Any CPU.ActiveCfg = Debug|Any CPU
		{60D6B5D1-D0F2-47AF-A7A5-4E610E1EF198}.Debug|Any CPU.Build.0 = Debug|Any CPU
		{60D6B5D1-D0F2-47AF-A7A5-4E610E1EF198}.Release|Any CPU.ActiveCfg = Release|Any CPU
		{60D6B5D1-D0F2-47AF-A7A5-4E610E1EF198}.Release|Any CPU.Build.0 = Release|Any CPU
	EndGlobalSection
	GlobalSection(SolutionProperties) = preSolution
		HideSolutionNode = FALSE
	EndGlobalSection
	GlobalSection(ExtensibilityGlobals) = postSolution
		SolutionGuid = {924A89F9-ABB3-4705-B715-BC12058739E3}
	EndGlobalSection
EndGlobal
